
Microsoft Visual Studio Solution File, Format Version 11.00
# Visual Basic Express 2010
Project("{F184B08F-C81C-45F6-A57F-5ABD9991F28F}") = "3DView", "3DView.vbproj", "{BE99A3D1-53F7-4B12-8A3F-96CF5A1E5EFC}"
EndProject
Global
	GlobalSection(SolutionConfigurationPlatforms) = preSolution
		Debug|x86 = Debug|x86
		Release|x86 = Release|x86
	EndGlobalSection
	GlobalSection(ProjectConfigurationPlatforms) = postSolution
		{BE99A3D1-53F7-4B12-8A3F-96CF5A1E5EFC}.Debug|x86.ActiveCfg = Debug|x86
		{BE99A3D1-53F7-4B12-8A3F-96CF5A1E5EFC}.Debug|x86.Build.0 = Debug|x86
		{BE99A3D1-53F7-4B12-8A3F-96CF5A1E5EFC}.Release|x86.ActiveCfg = Release|x86
		{BE99A3D1-53F7-4B12-8A3F-96CF5A1E5EFC}.Release|x86.Build.0 = Release|x86
	EndGlobalSection
	GlobalSection(SolutionProperties) = preSolution
		HideSolutionNode = FALSE
	EndGlobalSection
EndGlobal
